
Microsoft Visual Studio Solution File, Format Version 12.00
# Visual Studio Version 16
VisualStudioVersion = 16.0.31829.152
MinimumVisualStudioVersion = 10.0.40219.1
Project("{FAE04EC0-301F-11D3-BF4B-00C04F79EFBC}") = "WindowsFormsApp8", "WindowsFormsApp8.csproj", "{3F2DC47B-E9D2-42EC-905F-933F2DEF4CD9}"
EndProject
Global
	GlobalSection(SolutionConfigurationPlatforms) = preSolution
		Debug|Any CPU = Debug|Any CPU
		Release|Any CPU = Release|Any CPU
	EndGlobalSection
	GlobalSection(ProjectConfigurationPlatforms) = postSolution
		{3F2DC47B-E9D2-42EC-905F-933F2DEF4CD9}.Debug|Any CPU.ActiveCfg = Debug|Any CPU
		{3F2DC47B-E9D2-42EC-905F-933F2DEF4CD9}.Debug|Any CPU.Build.0 = Debug|Any CPU
		{3F2DC47B-E9D2-42EC-905F-933F2DEF4CD9}.Release|Any CPU.ActiveCfg = Release|Any CPU
		{3F2DC47B-E9D2-42EC-905F-933F2DEF4CD9}.Release|Any CPU.Build.0 = Release|Any CPU
	EndGlobalSection
	GlobalSection(SolutionProperties) = preSolution
		HideSolutionNode = FALSE
	EndGlobalSection
	GlobalSection(ExtensibilityGlobals) = postSolution
		SolutionGuid = {752FE4DF-08EF-45AD-9636-C45F4F36E92D}
	EndGlobalSection
EndGlobal
